// !$*UTF8*$!
{
	archiveVersion = 1;
	classes = {
	};
	objectVersion = 46;
	objects = {

/* Begin PBXBuildFile section */
		C759A88E1D66B0FF0069FCE2 /* main.m in Sources */ = {isa = PBXBuildFile; fileRef = C759A88D1D66B0FF0069FCE2 /* main.m */; };
		C759A8911D66B0FF0069FCE2 /* AppDelegate.m in Sources */ = {isa = PBXBuildFile; fileRef = C759A8901D66B0FF0069FCE2 /* AppDelegate.m */; };
		C759A8941D66B0FF0069FCE2 /* ViewController.m in Sources */ = {isa = PBXBuildFile; fileRef = C759A8931D66B0FF0069FCE2 /* ViewController.m */; };
		C759A8971D66B0FF0069FCE2 /* Main.storyboard in Resources */ = {isa = PBXBuildFile; fileRef = C759A8951D66B0FF0069FCE2 /* Main.storyboard */; };
		C759A8991D66B0FF0069FCE2 /* Assets.xcassets in Resources */ = {isa = PBXBuildFile; fileRef = C759A8981D66B0FF0069FCE2 /* Assets.xcassets */; };
		C759A89C1D66B0FF0069FCE2 /* LaunchScreen.storyboard in Resources */ = {isa = PBXBuildFile; fileRef = C759A89A1D66B0FF0069FCE2 /* LaunchScreen.storyboard */; };
		C759A8AE1D66B21A0069FCE2 /* libDownloadCenter.a in Frameworks */ = {isa = PBXBuildFile; fileRef = C759A8AD1D66B21A0069FCE2 /* libDownloadCenter.a */; };
		C759A8D61D66E1630069FCE2 /* AVFoundation.framework in Frameworks */ = {isa = PBXBuildFile; fileRef = C759A8D51D66E1630069FCE2 /* AVFoundation.framework */; };
		C759A8E21D66E22D0069FCE2 /* CoreMedia.framework in Frameworks */ = {isa = PBXBuildFile; fileRef = C759A8E11D66E22D0069FCE2 /* CoreMedia.framework */; };
/* End PBXBuildFile section */

/* Begin PBXFileReference section */
		22AB3FABF2A254CCD2019EEF /* libPods.a */ = {isa = PBXFileReference; explicitFileType = archive.ar; includeInIndex = 0; path = libPods.a; sourceTree = BUILT_PRODUCTS_DIR; };
		494AA39D67B8C296000864CA /* Pods.release.xcconfig */ = {isa = PBXFileReference; includeInIndex = 1; lastKnownFileType = text.xcconfig; name = Pods.release.xcconfig; path = "Pods/Target Support Files/Pods/Pods.release.xcconfig"; sourceTree = "<group>"; };
		975F5D0E8A9FF5284EC43815 /* Pods.debug.xcconfig */ = {isa = PBXFileReference; includeInIndex = 1; lastKnownFileType = text.xcconfig; name = Pods.debug.xcconfig; path = "Pods/Target Support Files/Pods/Pods.debug.xcconfig"; sourceTree = "<group>"; };
		C759A8891D66B0FF0069FCE2 /* DownloadDemo.app */ = {isa = PBXFileReference; explicitFileType = wrapper.application; includeInIndex = 0; path = DownloadDemo.app; sourceTree = BUILT_PRODUCTS_DIR; };
		C759A88D1D66B0FF0069FCE2 /* main.m */ = {isa = PBXFileReference; lastKnownFileType = sourcecode.c.objc; path = main.m; sourceTree = "<group>"; };
		C759A88F1D66B0FF0069FCE2 /* AppDelegate.h */ = {isa = PBXFileReference; lastKnownFileType = sourcecode.c.h; path = AppDelegate.h; sourceTree = "<group>"; };
		C759A8901D66B0FF0069FCE2 /* AppDelegate.m */ = {isa = PBXFileReference; lastKnownFileType = sourcecode.c.objc; path = AppDelegate.m; sourceTree = "<group>"; };
		C759A8921D66B0FF0069FCE2 /* ViewController.h */ = {isa = PBXFileReference; lastKnownFileType = sourcecode.c.h; path = ViewController.h; sourceTree = "<group>"; };
		C759A8931D66B0FF0069FCE2 /* ViewController.m */ = {isa = PBXFileReference; lastKnownFileType = sourcecode.c.objc; path = ViewController.m; sourceTree = "<group>"; };
		C759A8961D66B0FF0069FCE2 /* Base */ = {isa = PBXFileReference; lastKnownFileType = file.storyboard; name = Base; path = Base.lproj/Main.storyboard; sourceTree = "<group>"; };
		C759A8981D66B0FF0069FCE2 /* Assets.xcassets */ = {isa = PBXFileReference; lastKnownFileType = folder.assetcatalog; path = Assets.xcassets; sourceTree = "<group>"; };
		C759A89B1D66B0FF0069FCE2 /* Base */ = {isa = PBXFileReference; lastKnownFileType = file.storyboard; name = Base; path = Base.lproj/LaunchScreen.storyboard; sourceTree = "<group>"; };
		C759A89D1D66B0FF0069FCE2 /* Info.plist */ = {isa = PBXFileReference; lastKnownFileType = text.plist.xml; path = Info.plist; sourceTree = "<group>"; };
		C759A8AD1D66B21A0069FCE2 /* libDownloadCenter.a */ = {isa = PBXFileReference; lastKnownFileType = archive.ar; name = libDownloadCenter.a; path = "DownloadCenter/build/Debug-iphoneos/libDownloadCenter.a"; sourceTree = "<group>"; };
		C759A8D51D66E1630069FCE2 /* AVFoundation.framework */ = {isa = PBXFileReference; lastKnownFileType = wrapper.framework; name = AVFoundation.framework; path = System/Library/Frameworks/AVFoundation.framework; sourceTree = SDKROOT; };
		C759A8E11D66E22D0069FCE2 /* CoreMedia.framework */ = {isa = PBXFileReference; lastKnownFileType = wrapper.framework; name = CoreMedia.framework; path = System/Library/Frameworks/CoreMedia.framework; sourceTree = SDKROOT; };
/* End PBXFileReference section */

/* Begin PBXFrameworksBuildPhase section */
		C759A8861D66B0FF0069FCE2 /* Frameworks */ = {
			isa = PBXFrameworksBuildPhase;
			buildActionMask = 2147483647;
			files = (
				C759A8E21D66E22D0069FCE2 /* CoreMedia.framework in Frameworks */,
				C759A8D61D66E1630069FCE2 /* AVFoundation.framework in Frameworks */,
				C759A8AE1D66B21A0069FCE2 /* libDownloadCenter.a in Frameworks */,
			);
			runOnlyForDeploymentPostprocessing = 0;
		};
/* End PBXFrameworksBuildPhase section */

/* Begin PBXGroup section */
		A8B94224A3B90A3C55D3D21C /* Frameworks */ = {
			isa = PBXGroup;
			children = (
				C759A8E11D66E22D0069FCE2 /* CoreMedia.framework */,
				C759A8D51D66E1630069FCE2 /* AVFoundation.framework */,
				C759A8AD1D66B21A0069FCE2 /* libDownloadCenter.a */,
				22AB3FABF2A254CCD2019EEF /* libPods.a */,
			);
			name = Frameworks;
			sourceTree = "<group>";
		};
		C759A8801D66B0FF0069FCE2 = {
			isa = PBXGroup;
			children = (
				C759A88B1D66B0FF0069FCE2 /* DownloadDemo */,
				C759A88A1D66B0FF0069FCE2 /* Products */,
				FA78B6A261533CFBDDA1A2FD /* Pods */,
				A8B94224A3B90A3C55D3D21C /* Frameworks */,
			);
			sourceTree = "<group>";
		};
		C759A88A1D66B0FF0069FCE2 /* Products */ = {
			isa = PBXGroup;
			children = (
				C759A8891D66B0FF0069FCE2 /* DownloadDemo.app */,
			);
			name = Products;
			sourceTree = "<group>";
		};
		C759A88B1D66B0FF0069FCE2 /* DownloadDemo */ = {
			isa = PBXGroup;
			children = (
				C759A88F1D66B0FF0069FCE2 /* AppDelegate.h */,
				C759A8901D66B0FF0069FCE2 /* AppDelegate.m */,
				C759A8921D66B0FF0069FCE2 /* ViewController.h */,
				C759A8931D66B0FF0069FCE2 /* ViewController.m */,
				C759A8951D66B0FF0069FCE2 /* Main.storyboard */,
				C759A8981D66B0FF0069FCE2 /* Assets.xcassets */,
				C759A89A1D66B0FF0069FCE2 /* LaunchScreen.storyboard */,
				C759A89D1D66B0FF0069FCE2 /* Info.plist */,
				C759A88C1D66B0FF0069FCE2 /* Supporting Files */,
			);
			path = DownloadDemo;
			sourceTree = "<group>";
		};
		C759A88C1D66B0FF0069FCE2 /* Supporting Files */ = {
			isa = PBXGroup;
			children = (
				C759A88D1D66B0FF0069FCE2 /* main.m */,
			);
			name = "Supporting Files";
			sourceTree = "<group>";
		};
		FA78B6A261533CFBDDA1A2FD /* Pods */ = {
			isa = PBXGroup;
			children = (
				975F5D0E8A9FF5284EC43815 /* Pods.debug.xcconfig */,
				494AA39D67B8C296000864CA /* Pods.release.xcconfig */,
			);
			name = Pods;
			sourceTree = "<group>";
		};
/* End PBXGroup section */

/* Begin PBXNativeTarget section */
		C759A8881D66B0FF0069FCE2 /* DownloadDemo */ = {
			isa = PBXNativeTarget;
			buildConfigurationList = C759A8A01D66B0FF0069FCE2 /* Build configuration list for PBXNativeTarget "DownloadDemo" */;
			buildPhases = (
				E24D7FC60F0FE9CEC77FDD93 /* Check Pods Manifest.lock */,
				C759A8851D66B0FF0069FCE2 /* Sources */,
				C759A8861D66B0FF0069FCE2 /* Frameworks */,
				C759A8871D66B0FF0069FCE2 /* Resources */,
				87CC7DC46A189A6DAA73E8A2 /* Embed Pods Frameworks */,
				BC17D31B5A4A5F2DE434D73B /* Copy Pods Resources */,
			);
			buildRules = (
			);
			dependencies = (
			);
			name = DownloadDemo;
			productName = DownloadDemo;
			productReference = C759A8891D66B0FF0069FCE2 /* DownloadDemo.app */;
			productType = "com.apple.product-type.application";
		};
/* End PBXNativeTarget section */

/* Begin PBXProject section */
		C759A8811D66B0FF0069FCE2 /* Project object */ = {
			isa = PBXProject;
			attributes = {
				LastUpgradeCheck = 0730;
				ORGANIZATIONNAME = lihongli;
				TargetAttributes = {
					C759A8881D66B0FF0069FCE2 = {
						CreatedOnToolsVersion = 7.3.1;
					};
				};
			};
			buildConfigurationList = C759A8841D66B0FF0069FCE2 /* Build configuration list for PBXProject "DownloadDemo" */;
			compatibilityVersion = "Xcode 3.2";
			developmentRegion = English;
			hasScannedForEncodings = 0;
			knownRegions = (
				en,
				Base,
			);
			mainGroup = C759A8801D66B0FF0069FCE2;
			productRefGroup = C759A88A1D66B0FF0069FCE2 /* Products */;
			projectDirPath = "";
			projectRoot = "";
			targets = (
				C759A8881D66B0FF0069FCE2 /* DownloadDemo */,
			);
		};
/* End PBXProject section */

/* Begin PBXResourcesBuildPhase section */
		C759A8871D66B0FF0069FCE2 /* Resources */ = {
			isa = PBXResourcesBuildPhase;
			buildActionMask = 2147483647;
			files = (
				C759A89C1D66B0FF0069FCE2 /* LaunchScreen.storyboard in Resources */,
				C759A8991D66B0FF0069FCE2 /* Assets.xcassets in Resources */,
				C759A8971D66B0FF0069FCE2 /* Main.storyboard in Resources */,
			);
			runOnlyForDeploymentPostprocessing = 0;
		};
/* End PBXResourcesBuildPhase section */

/* Begin PBXShellScriptBuildPhase section */
		87CC7DC46A189A6DAA73E8A2 /* Embed Pods Frameworks */ = {
			isa = PBXShellScriptBuildPhase;
			buildActionMask = 2147483647;
			files = (
			);
			inputPaths = (
			);
			name = "Embed Pods Frameworks";
			outputPaths = (
			);
			runOnlyForDeploymentPostprocessing = 0;
			shellPath = /bin/sh;
			shellScript = "\"${SRCROOT}/Pods/Target Support Files/Pods/Pods-frameworks.sh\"\n";
			showEnvVarsInLog = 0;
		};
		BC17D31B5A4A5F2DE434D73B /* Copy Pods Resources */ = {
			isa = PBXShellScriptBuildPhase;
			buildActionMask = 2147483647;
			files = (
			);
			inputPaths = (
			);
			name = "Copy Pods Resources";
			outputPaths = (
			);
			runOnlyForDeploymentPostprocessing = 0;
			shellPath = /bin/sh;
			shellScript = "\"${SRCROOT}/Pods/Target Support Files/Pods/Pods-resources.sh\"\n";
			showEnvVarsInLog = 0;
		};
		E24D7FC60F0FE9CEC77FDD93 /* Check Pods Manifest.lock */ = {
			isa = PBXShellScriptBuildPhase;
			buildActionMask = 2147483647;
			files = (
			);
			inputPaths = (
			);
			name = "Check Pods Manifest.lock";
			outputPaths = (
			);
			runOnlyForDeploymentPostprocessing = 0;
			shellPath = /bin/sh;
			shellScript = "diff \"${PODS_ROOT}/../Podfile.lock\" \"${PODS_ROOT}/Manifest.lock\" > /dev/null\nif [[ $? != 0 ]] ; then\n    cat << EOM\nerror: The sandbox is not in sync with the Podfile.lock. Run 'pod install' or update your CocoaPods installation.\nEOM\n    exit 1\nfi\n";
			showEnvVarsInLog = 0;
		};
/* End PBXShellScriptBuildPhase section */

/* Begin PBXSourcesBuildPhase section */
		C759A8851D66B0FF0069FCE2 /* Sources */ = {
			isa = PBXSourcesBuildPhase;
			buildActionMask = 2147483647;
			files = (
				C759A8941D66B0FF0069FCE2 /* ViewController.m in Sources */,
				C759A8911D66B0FF0069FCE2 /* AppDelegate.m in Sources */,
				C759A88E1D66B0FF0069FCE2 /* main.m in Sources */,
			);
			runOnlyForDeploymentPostprocessing = 0;
		};
/* End PBXSourcesBuildPhase section */

/* Begin PBXVariantGroup section */
		C759A8951D66B0FF0069FCE2 /* Main.storyboard */ = {
			isa = PBXVariantGroup;
			children = (
				C759A8961D66B0FF0069FCE2 /* Base */,
			);
			name = Main.storyboard;
			sourceTree = "<group>";
		};
		C759A89A1D66B0FF0069FCE2 /* LaunchScreen.storyboard */ = {
			isa = PBXVariantGroup;
			children = (
				C759A89B1D66B0FF0069FCE2 /* Base */,
			);
			name = LaunchScreen.storyboard;
			sourceTree = "<group>";
		};
/* End PBXVariantGroup section */

/* Begin XCBuildConfiguration section */
		C759A89E1D66B0FF0069FCE2 /* Debug */ = {
			isa = XCBuildConfiguration;
			buildSettings = {
				ALWAYS_SEARCH_USER_PATHS = NO;
				CLANG_ANALYZER_NONNULL = YES;
				CLANG_CXX_LANGUAGE_STANDARD = "gnu++0x";
				CLANG_CXX_LIBRARY = "libc++";
				CLANG_ENABLE_MODULES = YES;
				CLANG_ENABLE_OBJC_ARC = YES;
				CLANG_WARN_BOOL_CONVERSION = YES;
				CLANG_WARN_CONSTANT_CONVERSION = YES;
				CLANG_WARN_DIRECT_OBJC_ISA_USAGE = YES_ERROR;
				CLANG_WARN_EMPTY_BODY = YES;
				CLANG_WARN_ENUM_CONVERSION = YES;
				CLANG_WARN_INT_CONVERSION = YES;
				CLANG_WARN_OBJC_ROOT_CLASS = YES_ERROR;
				CLANG_WARN_UNREACHABLE_CODE = YES;
				CLANG_WARN__DUPLICATE_METHOD_MATCH = YES;
				"CODE_SIGN_IDENTITY[sdk=iphoneos*]" = "iPhone Developer";
				COPY_PHASE_STRIP = NO;
				DEBUG_INFORMATION_FORMAT = dwarf;
				ENABLE_STRICT_OBJC_MSGSEND = YES;
				ENABLE_TESTABILITY = YES;
				GCC_C_LANGUAGE_STANDARD = gnu99;
				GCC_DYNAMIC_NO_PIC = NO;
				GCC_NO_COMMON_BLOCKS = YES;
				GCC_OPTIMIZATION_LEVEL = 0;
				GCC_PREPROCESSOR_DEFINITIONS = (
					"DEBUG=1",
					"$(inherited)",
				);
				GCC_WARN_64_TO_32_BIT_CONVERSION = YES;
				GCC_WARN_ABOUT_RETURN_TYPE = YES_ERROR;
				GCC_WARN_UNDECLARED_SELECTOR = YES;
				GCC_WARN_UNINITIALIZED_AUTOS = YES_AGGRESSIVE;
				GCC_WARN_UNUSED_FUNCTION = YES;
				GCC_WARN_UNUSED_VARIABLE = YES;
				IPHONEOS_DEPLOYMENT_TARGET = 9.3;
				MTL_ENABLE_DEBUG_INFO = YES;
				ONLY_ACTIVE_ARCH = YES;
				SDKROOT = iphoneos;
				TARGETED_DEVICE_FAMILY = "1,2";
			};
			name = Debug;
		};
		C759A89F1D66B0FF0069FCE2 /* Release */ = {
			isa = XCBuildConfiguration;
			buildSettings = {
				ALWAYS_SEARCH_USER_PATHS = NO;
				CLANG_ANALYZER_NONNULL = YES;
				CLANG_CXX_LANGUAGE_STANDARD = "gnu++0x";
				CLANG_CXX_LIBRARY = "libc++";
				CLANG_ENABLE_MODULES = YES;
				CLANG_ENABLE_OBJC_ARC = YES;
				CLANG_WARN_BOOL_CONVERSION = YES;
				CLANG_WARN_CONSTANT_CONVERSION = YES;
				CLANG_WARN_DIRECT_OBJC_ISA_USAGE = YES_ERROR;
				CLANG_WARN_EMPTY_BODY = YES;
				CLANG_WARN_ENUM_CONVERSION = YES;
				CLANG_WARN_INT_CONVERSION = YES;
				CLANG_WARN_OBJC_ROOT_CLASS = YES_ERROR;
				CLANG_WARN_UNREACHABLE_CODE = YES;
				CLANG_WARN__DUPLICATE_METHOD_MATCH = YES;
				"CODE_SIGN_IDENTITY[sdk=iphoneos*]" = "iPhone Developer";
				COPY_PHASE_STRIP = NO;
				DEBUG_INFORMATION_FORMAT = "dwarf-with-dsym";
				ENABLE_NS_ASSERTIONS = NO;
				ENABLE_STRICT_OBJC_MSGSEND = YES;
				GCC_C_LANGUAGE_STANDARD = gnu99;
				GCC_NO_COMMON_BLOCKS = YES;
				GCC_WARN_64_TO_32_BIT_CONVERSION = YES;
				GCC_WARN_ABOUT_RETURN_TYPE = YES_ERROR;
				GCC_WARN_UNDECLARED_SELECTOR = YES;
				GCC_WARN_UNINITIALIZED_AUTOS = YES_AGGRESSIVE;
				GCC_WARN_UNUSED_FUNCTION = YES;
				GCC_WARN_UNUSED_VARIABLE = YES;
				IPHONEOS_DEPLOYMENT_TARGET = 9.3;
				MTL_ENABLE_DEBUG_INFO = NO;
				SDKROOT = iphoneos;
				TARGETED_DEVICE_FAMILY = "1,2";
				VALIDATE_PRODUCT = YES;
			};
			name = Release;
		};
		C759A8A11D66B0FF0069FCE2 /* Debug */ = {
			isa = XCBuildConfiguration;
			baseConfigurationReference = 975F5D0E8A9FF5284EC43815 /* Pods.debug.xcconfig */;
			buildSettings = {
				ASSETCATALOG_COMPILER_APPICON_NAME = AppIcon;
				HEADER_SEARCH_PATHS = (
					"\"$(SDKROOT)/usr/include/libxml2\"",
					"$(inherited)",
					"\"${PODS_ROOT}/Headers/Public\"",
					"\"${PODS_ROOT}/Headers/Public/ASIHTTPRequest\"",
					"\"${PODS_ROOT}/Headers/Public/Reachability\"",
					"./DownloadCenter/**",
				);
				INFOPLIST_FILE = DownloadDemo/Info.plist;
				IPHONEOS_DEPLOYMENT_TARGET = 8.0;
				LD_RUNPATH_SEARCH_PATHS = "$(inherited) @executable_path/Frameworks";
				LIBRARY_SEARCH_PATHS = (
					"$(inherited)",
					"$(PROJECT_DIR)/DownloadCenter/build/Debug-iphoneos",
				);
				PRODUCT_BUNDLE_IDENTIFIER = com.sohu.player.DownloadDemo;
				PRODUCT_NAME = "$(TARGET_NAME)";
			};
			name = Debug;
		};
		C759A8A21D66B0FF0069FCE2 /* Release */ = {
			isa = XCBuildConfiguration;
			baseConfigurationReference = 494AA39D67B8C296000864CA /* Pods.release.xcconfig */;
			buildSettings = {
				ASSETCATALOG_COMPILER_APPICON_NAME = AppIcon;
				HEADER_SEARCH_PATHS = (
					"\"$(SDKROOT)/usr/include/libxml2\"",
					"$(inherited)",
					"\"${PODS_ROOT}/Headers/Public\"",
					"\"${PODS_ROOT}/Headers/Public/ASIHTTPRequest\"",
					"\"${PODS_ROOT}/Headers/Public/Reachability\"",
					"./DownloadCenter/**",
				);
				INFOPLIST_FILE = DownloadDemo/Info.plist;
				IPHONEOS_DEPLOYMENT_TARGET = 8.0;
				LD_RUNPATH_SEARCH_PATHS = "$(inherited) @executable_path/Frameworks";
				LIBRARY_SEARCH_PATHS = (
					"$(inherited)",
					"$(PROJECT_DIR)/DownloadCenter/build/Debug-iphoneos",
				);
				PRODUCT_BUNDLE_IDENTIFIER = com.sohu.player.DownloadDemo;
				PRODUCT_NAME = "$(TARGET_NAME)";
			};
			name = Release;
		};
/* End XCBuildConfiguration section */

/* Begin XCConfigurationList section */
		C759A8841D66B0FF0069FCE2 /* Build configuration list for PBXProject "DownloadDemo" */ = {
			isa = XCConfigurationList;
			buildConfigurations = (
				C759A89E1D66B0FF0069FCE2 /* Debug */,
				C759A89F1D66B0FF0069FCE2 /* Release */,
			);
			defaultConfigurationIsVisible = 0;
			defaultConfigurationName = Release;
		};
		C759A8A01D66B0FF0069FCE2 /* Build configuration list for PBXNativeTarget "DownloadDemo" */ = {
			isa = XCConfigurationList;
			buildConfigurations = (
				C759A8A11D66B0FF0069FCE2 /* Debug */,
				C759A8A21D66B0FF0069FCE2 /* Release */,
			);
			defaultConfigurationIsVisible = 0;
			defaultConfigurationName = Release;
		};
/* End XCConfigurationList section */
	};
	rootObject = C759A8811D66B0FF0069FCE2 /* Project object */;
}
